
Microsoft Visual Studio Solution File, Format Version 12.00
# Visual Studio Version 17
VisualStudioVersion = 17.8.34408.163
MinimumVisualStudioVersion = 10.0.40219.1
Project("{FAE04EC0-301F-11D3-BF4B-00C04F79EFBC}") = "Zadacha1", "Zadacha1\Zadacha1.csproj", "{E9268099-4F4B-4081-94F1-6C4CC9365685}"
EndProject
Global
	GlobalSection(SolutionConfigurationPlatforms) = preSolution
		Debug|Any CPU = Debug|Any CPU
		Release|Any CPU = Release|Any CPU
	EndGlobalSection
	GlobalSection(ProjectConfigurationPlatforms) = postSolution
		{E9268099-4F4B-4081-94F1-6C4CC9365685}.Debug|Any CPU.ActiveCfg = Debug|Any CPU
		{E9268099-4F4B-4081-94F1-6C4CC9365685}.Debug|Any CPU.Build.0 = Debug|Any CPU
		{E9268099-4F4B-4081-94F1-6C4CC9365685}.Release|Any CPU.ActiveCfg = Release|Any CPU
		{E9268099-4F4B-4081-94F1-6C4CC9365685}.Release|Any CPU.Build.0 = Release|Any CPU
	EndGlobalSection
	GlobalSection(SolutionProperties) = preSolution
		HideSolutionNode = FALSE
	EndGlobalSection
	GlobalSection(ExtensibilityGlobals) = postSolution
		SolutionGuid = {42182308-431C-4E7D-91F2-F028BC1EF110}
	EndGlobalSection
EndGlobal
